
Microsoft Visual Studio Solution File, Format Version 12.00
# Visual Studio Express 2012 for Web
Project("{FAE04EC0-301F-11D3-BF4B-00C04F79EFBC}") = "MVCMeetCalendarProj", "MVCMeetCalendarProj\MVCMeetCalendarProj.csproj", "{1FB8229A-E3BF-4A58-AF4D-9E0F8DEF1961}"
EndProject
Project("{FAE04EC0-301F-11D3-BF4B-00C04F79EFBC}") = "MVCMeetCalendarProj.Tests", "MVCMeetCalendarProj.Tests\MVCMeetCalendarProj.Tests.csproj", "{3706B9F8-84C3-4261-A5C0-E56FE1B1347C}"
EndProject
Global
	GlobalSection(SolutionConfigurationPlatforms) = preSolution
		Debug|Any CPU = Debug|Any CPU
		Release|Any CPU = Release|Any CPU
	EndGlobalSection
	GlobalSection(ProjectConfigurationPlatforms) = postSolution
		{1FB8229A-E3BF-4A58-AF4D-9E0F8DEF1961}.Debug|Any CPU.ActiveCfg = Debug|Any CPU
		{1FB8229A-E3BF-4A58-AF4D-9E0F8DEF1961}.Debug|Any CPU.Build.0 = Debug|Any CPU
		{1FB8229A-E3BF-4A58-AF4D-9E0F8DEF1961}.Release|Any CPU.ActiveCfg = Release|Any CPU
		{1FB8229A-E3BF-4A58-AF4D-9E0F8DEF1961}.Release|Any CPU.Build.0 = Release|Any CPU
		{3706B9F8-84C3-4261-A5C0-E56FE1B1347C}.Debug|Any CPU.ActiveCfg = Debug|Any CPU
		{3706B9F8-84C3-4261-A5C0-E56FE1B1347C}.Debug|Any CPU.Build.0 = Debug|Any CPU
		{3706B9F8-84C3-4261-A5C0-E56FE1B1347C}.Release|Any CPU.ActiveCfg = Release|Any CPU
		{3706B9F8-84C3-4261-A5C0-E56FE1B1347C}.Release|Any CPU.Build.0 = Release|Any CPU
	EndGlobalSection
	GlobalSection(SolutionProperties) = preSolution
		HideSolutionNode = FALSE
	EndGlobalSection
EndGlobal
